
Microsoft Visual Studio Solution File, Format Version 12.00
# Visual Studio Version 16
VisualStudioVersion = 16.0.30717.126
MinimumVisualStudioVersion = 10.0.40219.1
Project("{FAE04EC0-301F-11D3-BF4B-00C04F79EFBC}") = "CC2021Proyecto", "CC2021Proyecto.csproj", "{3BC96C7A-7DCB-4AA7-8F64-A64F0F9E1013}"
EndProject
Project("{FAE04EC0-301F-11D3-BF4B-00C04F79EFBC}") = "Dominio", "..\Dominio\Dominio.csproj", "{F5A6D028-0477-4519-8244-C320268FDAE2}"
EndProject
Project("{FAE04EC0-301F-11D3-BF4B-00C04F79EFBC}") = "Datos", "..\Datos\Datos.csproj", "{0E4CD3E0-D146-4395-8A1A-80E8E2E6F091}"
EndProject
Global
	GlobalSection(SolutionConfigurationPlatforms) = preSolution
		Debug|Any CPU = Debug|Any CPU
		Release|Any CPU = Release|Any CPU
	EndGlobalSection
	GlobalSection(ProjectConfigurationPlatforms) = postSolution
		{3BC96C7A-7DCB-4AA7-8F64-A64F0F9E1013}.Debug|Any CPU.ActiveCfg = Debug|Any CPU
		{3BC96C7A-7DCB-4AA7-8F64-A64F0F9E1013}.Debug|Any CPU.Build.0 = Debug|Any CPU
		{3BC96C7A-7DCB-4AA7-8F64-A64F0F9E1013}.Release|Any CPU.ActiveCfg = Release|Any CPU
		{3BC96C7A-7DCB-4AA7-8F64-A64F0F9E1013}.Release|Any CPU.Build.0 = Release|Any CPU
		{F5A6D028-0477-4519-8244-C320268FDAE2}.Debug|Any CPU.ActiveCfg = Debug|Any CPU
		{F5A6D028-0477-4519-8244-C320268FDAE2}.Debug|Any CPU.Build.0 = Debug|Any CPU
		{F5A6D028-0477-4519-8244-C320268FDAE2}.Release|Any CPU.ActiveCfg = Release|Any CPU
		{F5A6D028-0477-4519-8244-C320268FDAE2}.Release|Any CPU.Build.0 = Release|Any CPU
		{0E4CD3E0-D146-4395-8A1A-80E8E2E6F091}.Debug|Any CPU.ActiveCfg = Debug|Any CPU
		{0E4CD3E0-D146-4395-8A1A-80E8E2E6F091}.Debug|Any CPU.Build.0 = Debug|Any CPU
		{0E4CD3E0-D146-4395-8A1A-80E8E2E6F091}.Release|Any CPU.ActiveCfg = Release|Any CPU
		{0E4CD3E0-D146-4395-8A1A-80E8E2E6F091}.Release|Any CPU.Build.0 = Release|Any CPU
	EndGlobalSection
	GlobalSection(SolutionProperties) = preSolution
		HideSolutionNode = FALSE
	EndGlobalSection
	GlobalSection(ExtensibilityGlobals) = postSolution
		SolutionGuid = {F38AE0B9-0D7B-4B72-BE8A-DE56D6C581DF}
	EndGlobalSection
EndGlobal
